
Microsoft Visual Studio Solution File, Format Version 12.00
# Visual Studio Version 17
VisualStudioVersion = 17.9.34723.18
MinimumVisualStudioVersion = 10.0.40219.1
Project("{FAE04EC0-301F-11D3-BF4B-00C04F79EFBC}") = "TKNPCParts-Layout", "TKNPCParts-Layout.csproj", "{1DEBD83D-3D65-48DF-9738-F94F2380825D}"
EndProject
Global
	GlobalSection(SolutionConfigurationPlatforms) = preSolution
		Debug|Any CPU = Debug|Any CPU
		Release|Any CPU = Release|Any CPU
	EndGlobalSection
	GlobalSection(ProjectConfigurationPlatforms) = postSolution
		{1DEBD83D-3D65-48DF-9738-F94F2380825D}.Debug|Any CPU.ActiveCfg = Debug|Any CPU
		{1DEBD83D-3D65-48DF-9738-F94F2380825D}.Debug|Any CPU.Build.0 = Debug|Any CPU
		{1DEBD83D-3D65-48DF-9738-F94F2380825D}.Release|Any CPU.ActiveCfg = Release|Any CPU
		{1DEBD83D-3D65-48DF-9738-F94F2380825D}.Release|Any CPU.Build.0 = Release|Any CPU
	EndGlobalSection
	GlobalSection(SolutionProperties) = preSolution
		HideSolutionNode = FALSE
	EndGlobalSection
	GlobalSection(ExtensibilityGlobals) = postSolution
		SolutionGuid = {C353C1CD-F278-4154-BDFB-CD98726653C0}
	EndGlobalSection
EndGlobal
