
Microsoft Visual Studio Solution File, Format Version 12.00
# Visual Studio Version 17
VisualStudioVersion = 17.9.34723.18
MinimumVisualStudioVersion = 10.0.40219.1
Project("{FAE04EC0-301F-11D3-BF4B-00C04F79EFBC}") = "TKNPCPartsStore", "TKNPCPartsStore.csproj", "{E46B61B8-C0CE-4E26-9AE8-1596847C6A8E}"
EndProject
Global
	GlobalSection(SolutionConfigurationPlatforms) = preSolution
		Debug|Any CPU = Debug|Any CPU
		Release|Any CPU = Release|Any CPU
	EndGlobalSection
	GlobalSection(ProjectConfigurationPlatforms) = postSolution
		{E46B61B8-C0CE-4E26-9AE8-1596847C6A8E}.Debug|Any CPU.ActiveCfg = Debug|Any CPU
		{E46B61B8-C0CE-4E26-9AE8-1596847C6A8E}.Debug|Any CPU.Build.0 = Debug|Any CPU
		{E46B61B8-C0CE-4E26-9AE8-1596847C6A8E}.Release|Any CPU.ActiveCfg = Release|Any CPU
		{E46B61B8-C0CE-4E26-9AE8-1596847C6A8E}.Release|Any CPU.Build.0 = Release|Any CPU
	EndGlobalSection
	GlobalSection(SolutionProperties) = preSolution
		HideSolutionNode = FALSE
	EndGlobalSection
	GlobalSection(ExtensibilityGlobals) = postSolution
		SolutionGuid = {1FAE0F82-7EA7-4361-8970-F4AAE2D5704A}
	EndGlobalSection
EndGlobal
